
Microsoft Visual Studio Solution File, Format Version 12.00
# Visual Studio Version 16
VisualStudioVersion = 16.0.30204.135
MinimumVisualStudioVersion = 10.0.40219.1
Project("{FAE04EC0-301F-11D3-BF4B-00C04F79EFBC}") = "Apprtist.UWP", "Apprtist.UWP\Apprtist.UWP.csproj", "{514734D0-3B21-400D-89EA-4D510A52416A}"
EndProject
Project("{FAE04EC0-301F-11D3-BF4B-00C04F79EFBC}") = "Apprtist.Android", "Apprtist.Android\Apprtist.Android.csproj", "{F3D409C7-CDDB-41D4-B338-CE7BF3016B9D}"
EndProject
Project("{FAE04EC0-301F-11D3-BF4B-00C04F79EFBC}") = "Apprtist.iOS", "Apprtist.iOS\Apprtist.iOS.csproj", "{71ED8FC7-6E58-4EEC-B821-15C413C7E7D2}"
EndProject
Project("{FAE04EC0-301F-11D3-BF4B-00C04F79EFBC}") = "Apprtist", "Apprtist\Apprtist.csproj", "{9709BF37-49B7-4283-B54A-EDE0E3024309}"
EndProject
Global
	GlobalSection(SolutionConfigurationPlatforms) = preSolution
		Debug|Any CPU = Debug|Any CPU
		Debug|ARM = Debug|ARM
		Debug|iPhone = Debug|iPhone
		Debug|iPhoneSimulator = Debug|iPhoneSimulator
		Debug|x64 = Debug|x64
		Debug|x86 = Debug|x86
		Release|Any CPU = Release|Any CPU
		Release|ARM = Release|ARM
		Release|iPhone = Release|iPhone
		Release|iPhoneSimulator = Release|iPhoneSimulator
		Release|x64 = Release|x64
		Release|x86 = Release|x86
	EndGlobalSection
	GlobalSection(ProjectConfigurationPlatforms) = postSolution
		{514734D0-3B21-400D-89EA-4D510A52416A}.Debug|Any CPU.ActiveCfg = Debug|x86
		{514734D0-3B21-400D-89EA-4D510A52416A}.Debug|Any CPU.Build.0 = Debug|x86
		{514734D0-3B21-400D-89EA-4D510A52416A}.Debug|Any CPU.Deploy.0 = Debug|x86
		{514734D0-3B21-400D-89EA-4D510A52416A}.Debug|ARM.ActiveCfg = Debug|ARM
		{514734D0-3B21-400D-89EA-4D510A52416A}.Debug|ARM.Build.0 = Debug|ARM
		{514734D0-3B21-400D-89EA-4D510A52416A}.Debug|ARM.Deploy.0 = Debug|ARM
		{514734D0-3B21-400D-89EA-4D510A52416A}.Debug|iPhone.ActiveCfg = Debug|x86
		{514734D0-3B21-400D-89EA-4D510A52416A}.Debug|iPhone.Build.0 = Debug|x86
		{514734D0-3B21-400D-89EA-4D510A52416A}.Debug|iPhone.Deploy.0 = Debug|x86
		{514734D0-3B21-400D-89EA-4D510A52416A}.Debug|iPhoneSimulator.ActiveCfg = Debug|x86
		{514734D0-3B21-400D-89EA-4D510A52416A}.Debug|iPhoneSimulator.Build.0 = Debug|x86
		{514734D0-3B21-400D-89EA-4D510A52416A}.Debug|iPhoneSimulator.Deploy.0 = Debug|x86
		{514734D0-3B21-400D-89EA-4D510A52416A}.Debug|x64.ActiveCfg = Debug|x64
		{514734D0-3B21-400D-89EA-4D510A52416A}.Debug|x64.Build.0 = Debug|x64
		{514734D0-3B21-400D-89EA-4D510A52416A}.Debug|x64.Deploy.0 = Debug|x64
		{514734D0-3B21-400D-89EA-4D510A52416A}.Debug|x86.ActiveCfg = Debug|x86
		{514734D0-3B21-400D-89EA-4D510A52416A}.Debug|x86.Build.0 = Debug|x86
		{514734D0-3B21-400D-89EA-4D510A52416A}.Debug|x86.Deploy.0 = Debug|x86
		{514734D0-3B21-400D-89EA-4D510A52416A}.Release|Any CPU.ActiveCfg = Release|x86
		{514734D0-3B21-400D-89EA-4D510A52416A}.Release|Any CPU.Build.0 = Release|x86
		{514734D0-3B21-400D-89EA-4D510A52416A}.Release|Any CPU.Deploy.0 = Release|x86
		{514734D0-3B21-400D-89EA-4D510A52416A}.Release|ARM.ActiveCfg = Release|ARM
		{514734D0-3B21-400D-89EA-4D510A52416A}.Release|ARM.Build.0 = Release|ARM
		{514734D0-3B21-400D-89EA-4D510A52416A}.Release|ARM.Deploy.0 = Release|ARM
		{514734D0-3B21-400D-89EA-4D510A52416A}.Release|iPhone.ActiveCfg = Release|x86
		{514734D0-3B21-400D-89EA-4D510A52416A}.Release|iPhone.Build.0 = Release|x86
		{514734D0-3B21-400D-89EA-4D510A52416A}.Release|iPhone.Deploy.0 = Release|x86
		{514734D0-3B21-400D-89EA-4D510A52416A}.Release|iPhoneSimulator.ActiveCfg = Release|x86
		{514734D0-3B21-400D-89EA-4D510A52416A}.Release|iPhoneSimulator.Build.0 = Release|x86
		{514734D0-3B21-400D-89EA-4D510A52416A}.Release|iPhoneSimulator.Deploy.0 = Release|x86
		{514734D0-3B21-400D-89EA-4D510A52416A}.Release|x64.ActiveCfg = Release|x64
		{514734D0-3B21-400D-89EA-4D510A52416A}.Release|x64.Build.0 = Release|x64
		{514734D0-3B21-400D-89EA-4D510A52416A}.Release|x64.Deploy.0 = Release|x64
		{514734D0-3B21-400D-89EA-4D510A52416A}.Release|x86.ActiveCfg = Release|x86
		{514734D0-3B21-400D-89EA-4D510A52416A}.Release|x86.Build.0 = Release|x86
		{514734D0-3B21-400D-89EA-4D510A52416A}.Release|x86.Deploy.0 = Release|x86
		{F3D409C7-CDDB-41D4-B338-CE7BF3016B9D}.Debug|Any CPU.ActiveCfg = Debug|Any CPU
		{F3D409C7-CDDB-41D4-B338-CE7BF3016B9D}.Debug|Any CPU.Build.0 = Debug|Any CPU
		{F3D409C7-CDDB-41D4-B338-CE7BF3016B9D}.Debug|Any CPU.Deploy.0 = Debug|Any CPU
		{F3D409C7-CDDB-41D4-B338-CE7BF3016B9D}.Debug|ARM.ActiveCfg = Debug|Any CPU
		{F3D409C7-CDDB-41D4-B338-CE7BF3016B9D}.Debug|ARM.Build.0 = Debug|Any CPU
		{F3D409C7-CDDB-41D4-B338-CE7BF3016B9D}.Debug|ARM.Deploy.0 = Debug|Any CPU
		{F3D409C7-CDDB-41D4-B338-CE7BF3016B9D}.Debug|iPhone.ActiveCfg = Debug|Any CPU
		{F3D409C7-CDDB-41D4-B338-CE7BF3016B9D}.Debug|iPhone.Build.0 = Debug|Any CPU
		{F3D409C7-CDDB-41D4-B338-CE7BF3016B9D}.Debug|iPhone.Deploy.0 = Debug|Any CPU
		{F3D409C7-CDDB-41D4-B338-CE7BF3016B9D}.Debug|iPhoneSimulator.ActiveCfg = Debug|Any CPU
		{F3D409C7-CDDB-41D4-B338-CE7BF3016B9D}.Debug|iPhoneSimulator.Build.0 = Debug|Any CPU
		{F3D409C7-CDDB-41D4-B338-CE7BF3016B9D}.Debug|iPhoneSimulator.Deploy.0 = Debug|Any CPU
		{F3D409C7-CDDB-41D4-B338-CE7BF3016B9D}.Debug|x64.ActiveCfg = Debug|Any CPU
		{F3D409C7-CDDB-41D4-B338-CE7BF3016B9D}.Debug|x64.Build.0 = Debug|Any CPU
		{F3D409C7-CDDB-41D4-B338-CE7BF3016B9D}.Debug|x64.Deploy.0 = Debug|Any CPU
		{F3D409C7-CDDB-41D4-B338-CE7BF3016B9D}.Debug|x86.ActiveCfg = Debug|Any CPU
		{F3D409C7-CDDB-41D4-B338-CE7BF3016B9D}.Debug|x86.Build.0 = Debug|Any CPU
		{F3D409C7-CDDB-41D4-B338-CE7BF3016B9D}.Debug|x86.Deploy.0 = Debug|Any CPU
		{F3D409C7-CDDB-41D4-B338-CE7BF3016B9D}.Release|Any CPU.ActiveCfg = Release|Any CPU
		{F3D409C7-CDDB-41D4-B338-CE7BF3016B9D}.Release|Any CPU.Build.0 = Release|Any CPU
		{F3D409C7-CDDB-41D4-B338-CE7BF3016B9D}.Release|Any CPU.Deploy.0 = Release|Any CPU
		{F3D409C7-CDDB-41D4-B338-CE7BF3016B9D}.Release|ARM.ActiveCfg = Release|Any CPU
		{F3D409C7-CDDB-41D4-B338-CE7BF3016B9D}.Release|ARM.Build.0 = Release|Any CPU
		{F3D409C7-CDDB-41D4-B338-CE7BF3016B9D}.Release|ARM.Deploy.0 = Release|Any CPU
		{F3D409C7-CDDB-41D4-B338-CE7BF3016B9D}.Release|iPhone.ActiveCfg = Release|Any CPU
		{F3D409C7-CDDB-41D4-B338-CE7BF3016B9D}.Release|iPhone.Build.0 = Release|Any CPU
		{F3D409C7-CDDB-41D4-B338-CE7BF3016B9D}.Release|iPhone.Deploy.0 = Release|Any CPU
		{F3D409C7-CDDB-41D4-B338-CE7BF3016B9D}.Release|iPhoneSimulator.ActiveCfg = Release|Any CPU
		{F3D409C7-CDDB-41D4-B338-CE7BF3016B9D}.Release|iPhoneSimulator.Build.0 = Release|Any CPU
		{F3D409C7-CDDB-41D4-B338-CE7BF3016B9D}.Release|iPhoneSimulator.Deploy.0 = Release|Any CPU
		{F3D409C7-CDDB-41D4-B338-CE7BF3016B9D}.Release|x64.ActiveCfg = Release|Any CPU
		{F3D409C7-CDDB-41D4-B338-CE7BF3016B9D}.Release|x64.Build.0 = Release|Any CPU
		{F3D409C7-CDDB-41D4-B338-CE7BF3016B9D}.Release|x64.Deploy.0 = Release|Any CPU
		{F3D409C7-CDDB-41D4-B338-CE7BF3016B9D}.Release|x86.ActiveCfg = Release|Any CPU
		{F3D409C7-CDDB-41D4-B338-CE7BF3016B9D}.Release|x86.Build.0 = Release|Any CPU
		{F3D409C7-CDDB-41D4-B338-CE7BF3016B9D}.Release|x86.Deploy.0 = Release|Any CPU
		{71ED8FC7-6E58-4EEC-B821-15C413C7E7D2}.Debug|Any CPU.ActiveCfg = Debug|iPhone
		{71ED8FC7-6E58-4EEC-B821-15C413C7E7D2}.Debug|Any CPU.Build.0 = Debug|iPhone
		{71ED8FC7-6E58-4EEC-B821-15C413C7E7D2}.Debug|Any CPU.Deploy.0 = Debug|iPhone
		{71ED8FC7-6E58-4EEC-B821-15C413C7E7D2}.Debug|ARM.ActiveCfg = Debug|iPhone
		{71ED8FC7-6E58-4EEC-B821-15C413C7E7D2}.Debug|ARM.Build.0 = Debug|iPhone
		{71ED8FC7-6E58-4EEC-B821-15C413C7E7D2}.Debug|ARM.Deploy.0 = Debug|iPhone
		{71ED8FC7-6E58-4EEC-B821-15C413C7E7D2}.Debug|iPhone.ActiveCfg = Debug|iPhone
		{71ED8FC7-6E58-4EEC-B821-15C413C7E7D2}.Debug|iPhone.Build.0 = Debug|iPhone
		{71ED8FC7-6E58-4EEC-B821-15C413C7E7D2}.Debug|iPhone.Deploy.0 = Debug|iPhone
		{71ED8FC7-6E58-4EEC-B821-15C413C7E7D2}.Debug|iPhoneSimulator.ActiveCfg = Debug|iPhoneSimulator
		{71ED8FC7-6E58-4EEC-B821-15C413C7E7D2}.Debug|iPhoneSimulator.Build.0 = Debug|iPhoneSimulator
		{71ED8FC7-6E58-4EEC-B821-15C413C7E7D2}.Debug|iPhoneSimulator.Deploy.0 = Debug|iPhoneSimulator
		{71ED8FC7-6E58-4EEC-B821-15C413C7E7D2}.Debug|x64.ActiveCfg = Debug|iPhone
		{71ED8FC7-6E58-4EEC-B821-15C413C7E7D2}.Debug|x64.Build.0 = Debug|iPhone
		{71ED8FC7-6E58-4EEC-B821-15C413C7E7D2}.Debug|x64.Deploy.0 = Debug|iPhone
		{71ED8FC7-6E58-4EEC-B821-15C413C7E7D2}.Debug|x86.ActiveCfg = Debug|iPhone
		{71ED8FC7-6E58-4EEC-B821-15C413C7E7D2}.Debug|x86.Build.0 = Debug|iPhone
		{71ED8FC7-6E58-4EEC-B821-15C413C7E7D2}.Debug|x86.Deploy.0 = Debug|iPhone
		{71ED8FC7-6E58-4EEC-B821-15C413C7E7D2}.Release|Any CPU.ActiveCfg = Release|iPhone
		{71ED8FC7-6E58-4EEC-B821-15C413C7E7D2}.Release|Any CPU.Build.0 = Release|iPhone
		{71ED8FC7-6E58-4EEC-B821-15C413C7E7D2}.Release|Any CPU.Deploy.0 = Release|iPhone
		{71ED8FC7-6E58-4EEC-B821-15C413C7E7D2}.Release|ARM.ActiveCfg = Release|iPhone
		{71ED8FC7-6E58-4EEC-B821-15C413C7E7D2}.Release|ARM.Build.0 = Release|iPhone
		{71ED8FC7-6E58-4EEC-B821-15C413C7E7D2}.Release|ARM.Deploy.0 = Release|iPhone
		{71ED8FC7-6E58-4EEC-B821-15C413C7E7D2}.Release|iPhone.ActiveCfg = Release|iPhone
		{71ED8FC7-6E58-4EEC-B821-15C413C7E7D2}.Release|iPhone.Build.0 = Release|iPhone
		{71ED8FC7-6E58-4EEC-B821-15C413C7E7D2}.Release|iPhone.Deploy.0 = Release|iPhone
		{71ED8FC7-6E58-4EEC-B821-15C413C7E7D2}.Release|iPhoneSimulator.ActiveCfg = Release|iPhoneSimulator
		{71ED8FC7-6E58-4EEC-B821-15C413C7E7D2}.Release|iPhoneSimulator.Build.0 = Release|iPhoneSimulator
		{71ED8FC7-6E58-4EEC-B821-15C413C7E7D2}.Release|iPhoneSimulator.Deploy.0 = Release|iPhoneSimulator
		{71ED8FC7-6E58-4EEC-B821-15C413C7E7D2}.Release|x64.ActiveCfg = Release|iPhone
		{71ED8FC7-6E58-4EEC-B821-15C413C7E7D2}.Release|x64.Build.0 = Release|iPhone
		{71ED8FC7-6E58-4EEC-B821-15C413C7E7D2}.Release|x64.Deploy.0 = Release|iPhone
		{71ED8FC7-6E58-4EEC-B821-15C413C7E7D2}.Release|x86.ActiveCfg = Release|iPhone
		{71ED8FC7-6E58-4EEC-B821-15C413C7E7D2}.Release|x86.Build.0 = Release|iPhone
		{71ED8FC7-6E58-4EEC-B821-15C413C7E7D2}.Release|x86.Deploy.0 = Release|iPhone
		{9709BF37-49B7-4283-B54A-EDE0E3024309}.Debug|Any CPU.ActiveCfg = Debug|Any CPU
		{9709BF37-49B7-4283-B54A-EDE0E3024309}.Debug|Any CPU.Build.0 = Debug|Any CPU
		{9709BF37-49B7-4283-B54A-EDE0E3024309}.Debug|Any CPU.Deploy.0 = Debug|Any CPU
		{9709BF37-49B7-4283-B54A-EDE0E3024309}.Debug|ARM.ActiveCfg = Debug|Any CPU
		{9709BF37-49B7-4283-B54A-EDE0E3024309}.Debug|ARM.Build.0 = Debug|Any CPU
		{9709BF37-49B7-4283-B54A-EDE0E3024309}.Debug|ARM.Deploy.0 = Debug|Any CPU
		{9709BF37-49B7-4283-B54A-EDE0E3024309}.Debug|iPhone.ActiveCfg = Debug|Any CPU
		{9709BF37-49B7-4283-B54A-EDE0E3024309}.Debug|iPhone.Build.0 = Debug|Any CPU
		{9709BF37-49B7-4283-B54A-EDE0E3024309}.Debug|iPhone.Deploy.0 = Debug|Any CPU
		{9709BF37-49B7-4283-B54A-EDE0E3024309}.Debug|iPhoneSimulator.ActiveCfg = Debug|Any CPU
		{9709BF37-49B7-4283-B54A-EDE0E3024309}.Debug|iPhoneSimulator.Build.0 = Debug|Any CPU
		{9709BF37-49B7-4283-B54A-EDE0E3024309}.Debug|iPhoneSimulator.Deploy.0 = Debug|Any CPU
		{9709BF37-49B7-4283-B54A-EDE0E3024309}.Debug|x64.ActiveCfg = Debug|Any CPU
		{9709BF37-49B7-4283-B54A-EDE0E3024309}.Debug|x64.Build.0 = Debug|Any CPU
		{9709BF37-49B7-4283-B54A-EDE0E3024309}.Debug|x64.Deploy.0 = Debug|Any CPU
		{9709BF37-49B7-4283-B54A-EDE0E3024309}.Debug|x86.ActiveCfg = Debug|Any CPU
		{9709BF37-49B7-4283-B54A-EDE0E3024309}.Debug|x86.Build.0 = Debug|Any CPU
		{9709BF37-49B7-4283-B54A-EDE0E3024309}.Debug|x86.Deploy.0 = Debug|Any CPU
		{9709BF37-49B7-4283-B54A-EDE0E3024309}.Release|Any CPU.ActiveCfg = Release|Any CPU
		{9709BF37-49B7-4283-B54A-EDE0E3024309}.Release|Any CPU.Build.0 = Release|Any CPU
		{9709BF37-49B7-4283-B54A-EDE0E3024309}.Release|Any CPU.Deploy.0 = Release|Any CPU
		{9709BF37-49B7-4283-B54A-EDE0E3024309}.Release|ARM.ActiveCfg = Release|Any CPU
		{9709BF37-49B7-4283-B54A-EDE0E3024309}.Release|ARM.Build.0 = Release|Any CPU
		{9709BF37-49B7-4283-B54A-EDE0E3024309}.Release|ARM.Deploy.0 = Release|Any CPU
		{9709BF37-49B7-4283-B54A-EDE0E3024309}.Release|iPhone.ActiveCfg = Release|Any CPU
		{9709BF37-49B7-4283-B54A-EDE0E3024309}.Release|iPhone.Build.0 = Release|Any CPU
		{9709BF37-49B7-4283-B54A-EDE0E3024309}.Release|iPhone.Deploy.0 = Release|Any CPU
		{9709BF37-49B7-4283-B54A-EDE0E3024309}.Release|iPhoneSimulator.ActiveCfg = Release|Any CPU
		{9709BF37-49B7-4283-B54A-EDE0E3024309}.Release|iPhoneSimulator.Build.0 = Release|Any CPU
		{9709BF37-49B7-4283-B54A-EDE0E3024309}.Release|iPhoneSimulator.Deploy.0 = Release|Any CPU
		{9709BF37-49B7-4283-B54A-EDE0E3024309}.Release|x64.ActiveCfg = Release|Any CPU
		{9709BF37-49B7-4283-B54A-EDE0E3024309}.Release|x64.Build.0 = Release|Any CPU
		{9709BF37-49B7-4283-B54A-EDE0E3024309}.Release|x64.Deploy.0 = Release|Any CPU
		{9709BF37-49B7-4283-B54A-EDE0E3024309}.Release|x86.ActiveCfg = Release|Any CPU
		{9709BF37-49B7-4283-B54A-EDE0E3024309}.Release|x86.Build.0 = Release|Any CPU
		{9709BF37-49B7-4283-B54A-EDE0E3024309}.Release|x86.Deploy.0 = Release|Any CPU
	EndGlobalSection
	GlobalSection(SolutionProperties) = preSolution
		HideSolutionNode = FALSE
	EndGlobalSection
	GlobalSection(ExtensibilityGlobals) = postSolution
		SolutionGuid = {35175030-D2E1-40D0-A02A-F30402A10A04}
	EndGlobalSection
EndGlobal
